
Microsoft Visual Studio Solution File, Format Version 12.00
# Visual Studio Version 17
VisualStudioVersion = 17.7.34009.444
MinimumVisualStudioVersion = 10.0.40219.1
Project("{9A19103F-16F7-4668-BE54-9A1E7A4F7556}") = "Reverse Arrays Numbers - Video", "Arrays - Telerik\Reverse Arrays Numbers - Video.csproj", "{59FA730C-F5FD-4BC1-988E-C458B25F685D}"
EndProject
Project("{9A19103F-16F7-4668-BE54-9A1E7A4F7556}") = "Combine Arrays- Chat", "Reverse Numbers\Combine Arrays- Chat.csproj", "{4639A809-4B0E-4FEA-ACAC-A48FDD65CB41}"
EndProject
Project("{9A19103F-16F7-4668-BE54-9A1E7A4F7556}") = "Sort Arrays - Video", "Sort Arrays\Sort Arrays - Video.csproj", "{8D406419-372B-4A5B-8167-E44C995E9016}"
EndProject
Project("{9A19103F-16F7-4668-BE54-9A1E7A4F7556}") = "Reverse Symbols in Number In Arrays", "Reverse Symbols in Number In Arrays\Reverse Symbols in Number In Arrays.csproj", "{C82E7C6C-24D4-4B3D-A0C0-1D2B48B7B31B}"
EndProject
Project("{9A19103F-16F7-4668-BE54-9A1E7A4F7556}") = "Combine Lists", "Combine Lists\Combine Lists.csproj", "{FF95CD81-698E-4650-90F1-4103EAC7ED8F}"
EndProject
Project("{9A19103F-16F7-4668-BE54-9A1E7A4F7556}") = "Rotate Numbers - From First to Last", "Sort Numbers\Rotate Numbers - From First to Last.csproj", "{3C1C9876-9170-4469-B7C6-4FE024CC6D94}"
EndProject
Project("{9A19103F-16F7-4668-BE54-9A1E7A4F7556}") = "Sort Numbers With Arrays Sort", "Sort Numbers Wit Arrays Sort\Sort Numbers With Arrays Sort.csproj", "{B8AB17AB-E616-4858-8357-69D83FB45598}"
EndProject
Project("{9A19103F-16F7-4668-BE54-9A1E7A4F7556}") = "Rotate Lists", "Rotate Lists\Rotate Lists.csproj", "{986AB94A-E4F3-4692-99AC-CA80A6B16479}"
EndProject
Project("{9A19103F-16F7-4668-BE54-9A1E7A4F7556}") = "Is A List Sorted", "Is A List Sorted\Is A List Sorted.csproj", "{70907284-F88C-4834-9D4D-35C9E6653DF4}"
EndProject
Project("{FAE04EC0-301F-11D3-BF4B-00C04F79EFBC}") = "Remove Duplicates", "Remove Duplicates\Remove Duplicates.csproj", "{33ED4D6D-CFD7-4A37-A8D8-FB6BB6B9CFA0}"
EndProject
Global
	GlobalSection(SolutionConfigurationPlatforms) = preSolution
		Debug|Any CPU = Debug|Any CPU
		Release|Any CPU = Release|Any CPU
	EndGlobalSection
	GlobalSection(ProjectConfigurationPlatforms) = postSolution
		{59FA730C-F5FD-4BC1-988E-C458B25F685D}.Debug|Any CPU.ActiveCfg = Debug|Any CPU
		{59FA730C-F5FD-4BC1-988E-C458B25F685D}.Debug|Any CPU.Build.0 = Debug|Any CPU
		{59FA730C-F5FD-4BC1-988E-C458B25F685D}.Release|Any CPU.ActiveCfg = Release|Any CPU
		{59FA730C-F5FD-4BC1-988E-C458B25F685D}.Release|Any CPU.Build.0 = Release|Any CPU
		{4639A809-4B0E-4FEA-ACAC-A48FDD65CB41}.Debug|Any CPU.ActiveCfg = Debug|Any CPU
		{4639A809-4B0E-4FEA-ACAC-A48FDD65CB41}.Debug|Any CPU.Build.0 = Debug|Any CPU
		{4639A809-4B0E-4FEA-ACAC-A48FDD65CB41}.Release|Any CPU.ActiveCfg = Release|Any CPU
		{4639A809-4B0E-4FEA-ACAC-A48FDD65CB41}.Release|Any CPU.Build.0 = Release|Any CPU
		{8D406419-372B-4A5B-8167-E44C995E9016}.Debug|Any CPU.ActiveCfg = Debug|Any CPU
		{8D406419-372B-4A5B-8167-E44C995E9016}.Debug|Any CPU.Build.0 = Debug|Any CPU
		{8D406419-372B-4A5B-8167-E44C995E9016}.Release|Any CPU.ActiveCfg = Release|Any CPU
		{8D406419-372B-4A5B-8167-E44C995E9016}.Release|Any CPU.Build.0 = Release|Any CPU
		{C82E7C6C-24D4-4B3D-A0C0-1D2B48B7B31B}.Debug|Any CPU.ActiveCfg = Debug|Any CPU
		{C82E7C6C-24D4-4B3D-A0C0-1D2B48B7B31B}.Debug|Any CPU.Build.0 = Debug|Any CPU
		{C82E7C6C-24D4-4B3D-A0C0-1D2B48B7B31B}.Release|Any CPU.ActiveCfg = Release|Any CPU
		{C82E7C6C-24D4-4B3D-A0C0-1D2B48B7B31B}.Release|Any CPU.Build.0 = Release|Any CPU
		{FF95CD81-698E-4650-90F1-4103EAC7ED8F}.Debug|Any CPU.ActiveCfg = Debug|Any CPU
		{FF95CD81-698E-4650-90F1-4103EAC7ED8F}.Debug|Any CPU.Build.0 = Debug|Any CPU
		{FF95CD81-698E-4650-90F1-4103EAC7ED8F}.Release|Any CPU.ActiveCfg = Release|Any CPU
		{FF95CD81-698E-4650-90F1-4103EAC7ED8F}.Release|Any CPU.Build.0 = Release|Any CPU
		{3C1C9876-9170-4469-B7C6-4FE024CC6D94}.Debug|Any CPU.ActiveCfg = Debug|Any CPU
		{3C1C9876-9170-4469-B7C6-4FE024CC6D94}.Debug|Any CPU.Build.0 = Debug|Any CPU
		{3C1C9876-9170-4469-B7C6-4FE024CC6D94}.Release|Any CPU.ActiveCfg = Release|Any CPU
		{3C1C9876-9170-4469-B7C6-4FE024CC6D94}.Release|Any CPU.Build.0 = Release|Any CPU
		{B8AB17AB-E616-4858-8357-69D83FB45598}.Debug|Any CPU.ActiveCfg = Debug|Any CPU
		{B8AB17AB-E616-4858-8357-69D83FB45598}.Debug|Any CPU.Build.0 = Debug|Any CPU
		{B8AB17AB-E616-4858-8357-69D83FB45598}.Release|Any CPU.ActiveCfg = Release|Any CPU
		{B8AB17AB-E616-4858-8357-69D83FB45598}.Release|Any CPU.Build.0 = Release|Any CPU
		{986AB94A-E4F3-4692-99AC-CA80A6B16479}.Debug|Any CPU.ActiveCfg = Debug|Any CPU
		{986AB94A-E4F3-4692-99AC-CA80A6B16479}.Debug|Any CPU.Build.0 = Debug|Any CPU
		{986AB94A-E4F3-4692-99AC-CA80A6B16479}.Release|Any CPU.ActiveCfg = Release|Any CPU
		{986AB94A-E4F3-4692-99AC-CA80A6B16479}.Release|Any CPU.Build.0 = Release|Any CPU
		{70907284-F88C-4834-9D4D-35C9E6653DF4}.Debug|Any CPU.ActiveCfg = Debug|Any CPU
		{70907284-F88C-4834-9D4D-35C9E6653DF4}.Debug|Any CPU.Build.0 = Debug|Any CPU
		{70907284-F88C-4834-9D4D-35C9E6653DF4}.Release|Any CPU.ActiveCfg = Release|Any CPU
		{70907284-F88C-4834-9D4D-35C9E6653DF4}.Release|Any CPU.Build.0 = Release|Any CPU
		{33ED4D6D-CFD7-4A37-A8D8-FB6BB6B9CFA0}.Debug|Any CPU.ActiveCfg = Debug|Any CPU
		{33ED4D6D-CFD7-4A37-A8D8-FB6BB6B9CFA0}.Debug|Any CPU.Build.0 = Debug|Any CPU
		{33ED4D6D-CFD7-4A37-A8D8-FB6BB6B9CFA0}.Release|Any CPU.ActiveCfg = Release|Any CPU
		{33ED4D6D-CFD7-4A37-A8D8-FB6BB6B9CFA0}.Release|Any CPU.Build.0 = Release|Any CPU
	EndGlobalSection
	GlobalSection(SolutionProperties) = preSolution
		HideSolutionNode = FALSE
	EndGlobalSection
	GlobalSection(ExtensibilityGlobals) = postSolution
		SolutionGuid = {6DCFCB3F-F99D-459F-9CE0-38E73CD5A8B6}
	EndGlobalSection
EndGlobal
